
Microsoft Visual Studio Solution File, Format Version 12.00
# Visual Studio Version 17
VisualStudioVersion = 17.9.34616.47
MinimumVisualStudioVersion = 10.0.40219.1
Project("{FAE04EC0-301F-11D3-BF4B-00C04F79EFBC}") = "PROG6221 POE", "PROG6221 POE.csproj", "{89702784-CB5D-4738-912D-ADF18A4CAA96}"
EndProject
Project("{FAE04EC0-301F-11D3-BF4B-00C04F79EFBC}") = "UnitTesting", "..\UnitTesting\UnitTesting.csproj", "{B2959E59-C8FF-4B82-BD17-91E8CCC30A8D}"
EndProject
Global
	GlobalSection(SolutionConfigurationPlatforms) = preSolution
		Debug|Any CPU = Debug|Any CPU
		Release|Any CPU = Release|Any CPU
	EndGlobalSection
	GlobalSection(ProjectConfigurationPlatforms) = postSolution
		{89702784-CB5D-4738-912D-ADF18A4CAA96}.Debug|Any CPU.ActiveCfg = Debug|Any CPU
		{89702784-CB5D-4738-912D-ADF18A4CAA96}.Debug|Any CPU.Build.0 = Debug|Any CPU
		{89702784-CB5D-4738-912D-ADF18A4CAA96}.Release|Any CPU.ActiveCfg = Release|Any CPU
		{89702784-CB5D-4738-912D-ADF18A4CAA96}.Release|Any CPU.Build.0 = Release|Any CPU
		{B2959E59-C8FF-4B82-BD17-91E8CCC30A8D}.Debug|Any CPU.ActiveCfg = Debug|Any CPU
		{B2959E59-C8FF-4B82-BD17-91E8CCC30A8D}.Debug|Any CPU.Build.0 = Debug|Any CPU
		{B2959E59-C8FF-4B82-BD17-91E8CCC30A8D}.Release|Any CPU.ActiveCfg = Release|Any CPU
		{B2959E59-C8FF-4B82-BD17-91E8CCC30A8D}.Release|Any CPU.Build.0 = Release|Any CPU
	EndGlobalSection
	GlobalSection(SolutionProperties) = preSolution
		HideSolutionNode = FALSE
	EndGlobalSection
	GlobalSection(ExtensibilityGlobals) = postSolution
		SolutionGuid = {35675AB5-8ACF-4DA8-A1DC-D7F7FF529FF9}
	EndGlobalSection
EndGlobal
